
Microsoft Visual Studio Solution File, Format Version 12.00
# Visual Studio Version 18
VisualStudioVersion = 18.0.11205.157 d18.0
MinimumVisualStudioVersion = 10.0.40219.1
Project("{2150E333-8FDC-42A3-9474-1A3956D46DE8}") = "source", "source", "{B8EFCA5F-814F-285C-A8CB-F00F14650265}"
EndProject
Project("{FAE04EC0-301F-11D3-BF4B-00C04F79EFBC}") = "CardGames.Presentation", "source\CardGames.Presentation\CardGames.Presentation.csproj", "{06D5B0E8-00E1-47AE-AEEE-7C719A15DD84}"
EndProject
Project("{FAE04EC0-301F-11D3-BF4B-00C04F79EFBC}") = "CardGames.Domain", "source\CardGames.Domain\CardGames.Domain.csproj", "{E027692B-71C2-46B6-A59B-979668F5CC30}"
EndProject
Project("{FAE04EC0-301F-11D3-BF4B-00C04F79EFBC}") = "CardGames.Infrastructure", "source\CardGames.Infrastructure\CardGames.Infrastructure.csproj", "{FDD5C4AF-AFDD-42DB-973E-7C19D6BA27F9}"
EndProject
Project("{FAE04EC0-301F-11D3-BF4B-00C04F79EFBC}") = "CardGames.Application", "source\CardGames.Application\CardGames.Application.csproj", "{904A9897-BFA0-4A6F-9B8D-ED0BA49D15C6}"
EndProject
Project("{2150E333-8FDC-42A3-9474-1A3956D46DE8}") = "tests", "tests", "{0AB3BF05-4346-4AA6-1389-037BE0695223}"
EndProject
Project("{FAE04EC0-301F-11D3-BF4B-00C04F79EFBC}") = "CardGames.Domain.Tests", "source\tests\CardGames.Domain.Tests\CardGames.Domain.Tests.csproj", "{C757E4AC-87CC-410E-BC6B-078A4FE20911}"
EndProject
Project("{FAE04EC0-301F-11D3-BF4B-00C04F79EFBC}") = "CardGames.Application.Tests", "source\tests\CardGames.Application.Tests\CardGames.Application.Tests.csproj", "{F1CEFA64-CB62-D259-F77A-F61E9943E074}"
EndProject
Global
	GlobalSection(SolutionConfigurationPlatforms) = preSolution
		Debug|Any CPU = Debug|Any CPU
		Debug|x64 = Debug|x64
		Debug|x86 = Debug|x86
		Release|Any CPU = Release|Any CPU
		Release|x64 = Release|x64
		Release|x86 = Release|x86
	EndGlobalSection
	GlobalSection(ProjectConfigurationPlatforms) = postSolution
		{06D5B0E8-00E1-47AE-AEEE-7C719A15DD84}.Debug|Any CPU.ActiveCfg = Debug|Any CPU
		{06D5B0E8-00E1-47AE-AEEE-7C719A15DD84}.Debug|Any CPU.Build.0 = Debug|Any CPU
		{06D5B0E8-00E1-47AE-AEEE-7C719A15DD84}.Debug|x64.ActiveCfg = Debug|Any CPU
		{06D5B0E8-00E1-47AE-AEEE-7C719A15DD84}.Debug|x64.Build.0 = Debug|Any CPU
		{06D5B0E8-00E1-47AE-AEEE-7C719A15DD84}.Debug|x86.ActiveCfg = Debug|Any CPU
		{06D5B0E8-00E1-47AE-AEEE-7C719A15DD84}.Debug|x86.Build.0 = Debug|Any CPU
		{06D5B0E8-00E1-47AE-AEEE-7C719A15DD84}.Release|Any CPU.ActiveCfg = Release|Any CPU
		{06D5B0E8-00E1-47AE-AEEE-7C719A15DD84}.Release|Any CPU.Build.0 = Release|Any CPU
		{06D5B0E8-00E1-47AE-AEEE-7C719A15DD84}.Release|x64.ActiveCfg = Release|Any CPU
		{06D5B0E8-00E1-47AE-AEEE-7C719A15DD84}.Release|x64.Build.0 = Release|Any CPU
		{06D5B0E8-00E1-47AE-AEEE-7C719A15DD84}.Release|x86.ActiveCfg = Release|Any CPU
		{06D5B0E8-00E1-47AE-AEEE-7C719A15DD84}.Release|x86.Build.0 = Release|Any CPU
		{E027692B-71C2-46B6-A59B-979668F5CC30}.Debug|Any CPU.ActiveCfg = Debug|Any CPU
		{E027692B-71C2-46B6-A59B-979668F5CC30}.Debug|Any CPU.Build.0 = Debug|Any CPU
		{E027692B-71C2-46B6-A59B-979668F5CC30}.Debug|x64.ActiveCfg = Debug|Any CPU
		{E027692B-71C2-46B6-A59B-979668F5CC30}.Debug|x64.Build.0 = Debug|Any CPU
		{E027692B-71C2-46B6-A59B-979668F5CC30}.Debug|x86.ActiveCfg = Debug|Any CPU
		{E027692B-71C2-46B6-A59B-979668F5CC30}.Debug|x86.Build.0 = Debug|Any CPU
		{E027692B-71C2-46B6-A59B-979668F5CC30}.Release|Any CPU.ActiveCfg = Release|Any CPU
		{E027692B-71C2-46B6-A59B-979668F5CC30}.Release|Any CPU.Build.0 = Release|Any CPU
		{E027692B-71C2-46B6-A59B-979668F5CC30}.Release|x64.ActiveCfg = Release|Any CPU
		{E027692B-71C2-46B6-A59B-979668F5CC30}.Release|x64.Build.0 = Release|Any CPU
		{E027692B-71C2-46B6-A59B-979668F5CC30}.Release|x86.ActiveCfg = Release|Any CPU
		{E027692B-71C2-46B6-A59B-979668F5CC30}.Release|x86.Build.0 = Release|Any CPU
		{FDD5C4AF-AFDD-42DB-973E-7C19D6BA27F9}.Debug|Any CPU.ActiveCfg = Debug|Any CPU
		{FDD5C4AF-AFDD-42DB-973E-7C19D6BA27F9}.Debug|Any CPU.Build.0 = Debug|Any CPU
		{FDD5C4AF-AFDD-42DB-973E-7C19D6BA27F9}.Debug|x64.ActiveCfg = Debug|Any CPU
		{FDD5C4AF-AFDD-42DB-973E-7C19D6BA27F9}.Debug|x64.Build.0 = Debug|Any CPU
		{FDD5C4AF-AFDD-42DB-973E-7C19D6BA27F9}.Debug|x86.ActiveCfg = Debug|Any CPU
		{FDD5C4AF-AFDD-42DB-973E-7C19D6BA27F9}.Debug|x86.Build.0 = Debug|Any CPU
		{FDD5C4AF-AFDD-42DB-973E-7C19D6BA27F9}.Release|Any CPU.ActiveCfg = Release|Any CPU
		{FDD5C4AF-AFDD-42DB-973E-7C19D6BA27F9}.Release|Any CPU.Build.0 = Release|Any CPU
		{FDD5C4AF-AFDD-42DB-973E-7C19D6BA27F9}.Release|x64.ActiveCfg = Release|Any CPU
		{FDD5C4AF-AFDD-42DB-973E-7C19D6BA27F9}.Release|x64.Build.0 = Release|Any CPU
		{FDD5C4AF-AFDD-42DB-973E-7C19D6BA27F9}.Release|x86.ActiveCfg = Release|Any CPU
		{FDD5C4AF-AFDD-42DB-973E-7C19D6BA27F9}.Release|x86.Build.0 = Release|Any CPU
		{904A9897-BFA0-4A6F-9B8D-ED0BA49D15C6}.Debug|Any CPU.ActiveCfg = Debug|Any CPU
		{904A9897-BFA0-4A6F-9B8D-ED0BA49D15C6}.Debug|Any CPU.Build.0 = Debug|Any CPU
		{904A9897-BFA0-4A6F-9B8D-ED0BA49D15C6}.Debug|x64.ActiveCfg = Debug|Any CPU
		{904A9897-BFA0-4A6F-9B8D-ED0BA49D15C6}.Debug|x64.Build.0 = Debug|Any CPU
		{904A9897-BFA0-4A6F-9B8D-ED0BA49D15C6}.Debug|x86.ActiveCfg = Debug|Any CPU
		{904A9897-BFA0-4A6F-9B8D-ED0BA49D15C6}.Debug|x86.Build.0 = Debug|Any CPU
		{904A9897-BFA0-4A6F-9B8D-ED0BA49D15C6}.Release|Any CPU.ActiveCfg = Release|Any CPU
		{904A9897-BFA0-4A6F-9B8D-ED0BA49D15C6}.Release|Any CPU.Build.0 = Release|Any CPU
		{904A9897-BFA0-4A6F-9B8D-ED0BA49D15C6}.Release|x64.ActiveCfg = Release|Any CPU
		{904A9897-BFA0-4A6F-9B8D-ED0BA49D15C6}.Release|x64.Build.0 = Release|Any CPU
		{904A9897-BFA0-4A6F-9B8D-ED0BA49D15C6}.Release|x86.ActiveCfg = Release|Any CPU
		{904A9897-BFA0-4A6F-9B8D-ED0BA49D15C6}.Release|x86.Build.0 = Release|Any CPU
		{C757E4AC-87CC-410E-BC6B-078A4FE20911}.Debug|Any CPU.ActiveCfg = Debug|Any CPU
		{C757E4AC-87CC-410E-BC6B-078A4FE20911}.Debug|Any CPU.Build.0 = Debug|Any CPU
		{C757E4AC-87CC-410E-BC6B-078A4FE20911}.Debug|x64.ActiveCfg = Debug|Any CPU
		{C757E4AC-87CC-410E-BC6B-078A4FE20911}.Debug|x64.Build.0 = Debug|Any CPU
		{C757E4AC-87CC-410E-BC6B-078A4FE20911}.Debug|x86.ActiveCfg = Debug|Any CPU
		{C757E4AC-87CC-410E-BC6B-078A4FE20911}.Debug|x86.Build.0 = Debug|Any CPU
		{C757E4AC-87CC-410E-BC6B-078A4FE20911}.Release|Any CPU.ActiveCfg = Release|Any CPU
		{C757E4AC-87CC-410E-BC6B-078A4FE20911}.Release|Any CPU.Build.0 = Release|Any CPU
		{C757E4AC-87CC-410E-BC6B-078A4FE20911}.Release|x64.ActiveCfg = Release|Any CPU
		{C757E4AC-87CC-410E-BC6B-078A4FE20911}.Release|x64.Build.0 = Release|Any CPU
		{C757E4AC-87CC-410E-BC6B-078A4FE20911}.Release|x86.ActiveCfg = Release|Any CPU
		{C757E4AC-87CC-410E-BC6B-078A4FE20911}.Release|x86.Build.0 = Release|Any CPU
		{F1CEFA64-CB62-D259-F77A-F61E9943E074}.Debug|Any CPU.ActiveCfg = Debug|Any CPU
		{F1CEFA64-CB62-D259-F77A-F61E9943E074}.Debug|Any CPU.Build.0 = Debug|Any CPU
		{F1CEFA64-CB62-D259-F77A-F61E9943E074}.Debug|x64.ActiveCfg = Debug|Any CPU
		{F1CEFA64-CB62-D259-F77A-F61E9943E074}.Debug|x64.Build.0 = Debug|Any CPU
		{F1CEFA64-CB62-D259-F77A-F61E9943E074}.Debug|x86.ActiveCfg = Debug|Any CPU
		{F1CEFA64-CB62-D259-F77A-F61E9943E074}.Debug|x86.Build.0 = Debug|Any CPU
		{F1CEFA64-CB62-D259-F77A-F61E9943E074}.Release|Any CPU.ActiveCfg = Release|Any CPU
		{F1CEFA64-CB62-D259-F77A-F61E9943E074}.Release|Any CPU.Build.0 = Release|Any CPU
		{F1CEFA64-CB62-D259-F77A-F61E9943E074}.Release|x64.ActiveCfg = Release|Any CPU
		{F1CEFA64-CB62-D259-F77A-F61E9943E074}.Release|x64.Build.0 = Release|Any CPU
		{F1CEFA64-CB62-D259-F77A-F61E9943E074}.Release|x86.ActiveCfg = Release|Any CPU
		{F1CEFA64-CB62-D259-F77A-F61E9943E074}.Release|x86.Build.0 = Release|Any CPU
	EndGlobalSection
	GlobalSection(SolutionProperties) = preSolution
		HideSolutionNode = FALSE
	EndGlobalSection
	GlobalSection(NestedProjects) = preSolution
		{06D5B0E8-00E1-47AE-AEEE-7C719A15DD84} = {B8EFCA5F-814F-285C-A8CB-F00F14650265}
		{E027692B-71C2-46B6-A59B-979668F5CC30} = {B8EFCA5F-814F-285C-A8CB-F00F14650265}
		{FDD5C4AF-AFDD-42DB-973E-7C19D6BA27F9} = {B8EFCA5F-814F-285C-A8CB-F00F14650265}
		{904A9897-BFA0-4A6F-9B8D-ED0BA49D15C6} = {B8EFCA5F-814F-285C-A8CB-F00F14650265}
		{C757E4AC-87CC-410E-BC6B-078A4FE20911} = {0AB3BF05-4346-4AA6-1389-037BE0695223}
		{F1CEFA64-CB62-D259-F77A-F61E9943E074} = {0AB3BF05-4346-4AA6-1389-037BE0695223}
	EndGlobalSection
	GlobalSection(ExtensibilityGlobals) = postSolution
		SolutionGuid = {181FED2C-D8DE-4165-ABE1-55A5BF37F854}
	EndGlobalSection
EndGlobal
