<Solution>
  <Configurations>
    <Platform Name="Any CPU" />
    <Platform Name="x64" />
    <Platform Name="x86" />
  </Configurations>
  <Folder Name="/source/">
    <Project Path="source/CardGames.Application/CardGames.Application.csproj" />
    <Project Path="source/CardGames.Domain/CardGames.Domain.csproj" />
    <Project Path="source/CardGames.Infrastructure/CardGames.Infrastructure.csproj" />
    <Project Path="source/CardGames.Presentation/CardGames.Presentation.csproj" />
  </Folder>
  <Folder Name="/source/plugins/">
    <Project Path="source/plugins/CardGames.GoFish/CardGames.GoFish.csproj" />
    <Project Path="source/plugins/CardGames.WAR/CardGames.WAR.csproj" />
  </Folder>
  <Folder Name="/tests/">
    <Project Path="tests/CardGames.Application.Tests/CardGames.Application.Tests.csproj" />
    <Project Path="tests/CardGames.Common.Tests/CardGames.Common.Tests.csproj" />
    <Project Path="tests/CardGames.Domain.Tests/CardGames.Domain.Tests.csproj" />
    <Project Path="tests/CardGames.GoFish.Tests/CardGames.GoFish.Tests.csproj" />
    <Project Path="tests/CardGames.Infrastructure.Tests/CardGames.Infrastructure.Tests.csproj" />
    <Project Path="tests/CardGames.Presentation.Tests/CardGames.Presentation.Tests.csproj" />
    <Project Path="tests/CardGames.WAR.Tests/CardGames.WAR.Tests.csproj" />
  </Folder>
</Solution>
